{
  "version": "2",
  "remote": {},
  "npm": {
    "specifiers": {
      "hsluv@1.0.0": "hsluv@1.0.0"
    },
    "packages": {
      "hsluv@1.0.0": {
        "integrity": "sha512-RqZkmiAbUnQ5JkjDFB81iaAC62fkL7BtQultslKzb7Sqs6wzPljY0YPDEhA9pdsVdGQ6ksfMBp9rJB9JyRlQFQ==",
        "dependencies": {}
      }
    }
  }
}
