{
  "version": "5",
  "specifiers": {
    "jsr:@david/console-static-text@~0.3.4": "0.3.4",
    "jsr:@david/dax@~0.48.3": "0.48.3",
    "jsr:@david/path@0.3": "0.3.2",
    "jsr:@david/path@~0.3.2": "0.3.2",
    "jsr:@david/shell@~0.5.2": "0.5.2",
    "jsr:@david/which@0.7": "0.7.0",
    "jsr:@std/assert@^1.0.19": "1.0.19",
    "jsr:@std/bytes@^1.0.6": "1.0.6",
    "jsr:@std/fmt@1": "1.0.10",
    "jsr:@std/internal@^1.0.12": "1.0.14",
    "jsr:@std/internal@^1.0.14": "1.0.14",
    "jsr:@std/io@0.225": "0.225.3",
    "jsr:@std/path@1": "1.1.5"
  },
  "jsr": {
    "@david/console-static-text@0.3.4": {
      "integrity": "1c596f500b075ff3c8bab1d328ca7148a88067fd9a506b16a73eeaf230c229fd"
    },
    "@david/dax@0.48.3": {
      "integrity": "478cfa76677bfdef08f9eacc942a0bea35b3dc82239984a3a327fc09a1c4b5b7",
      "dependencies": [
        "jsr:@david/console-static-text",
        "jsr:@david/path@~0.3.2",
        "jsr:@david/shell",
        "jsr:@david/which",
        "jsr:@std/fmt"
      ]
    },
    "@david/path@0.3.2": {
      "integrity": "f25aaa3de4d3b9edfe25ca5edf15e3014fee7df4f77d64327e5300c27c1a0497"
    },
    "@david/shell@0.5.2": {
      "integrity": "e6a1b9d3712373f2811d5c66a502afdd07c99d0aedbd910b0c2ea1744fe1dd88",
      "dependencies": [
        "jsr:@david/console-static-text",
        "jsr:@david/path@0.3",
        "jsr:@david/which",
        "jsr:@std/fmt",
        "jsr:@std/io",
        "jsr:@std/path"
      ]
    },
    "@david/which@0.7.0": {
      "integrity": "2e7517b28ecd2c99afe70284f2660f2c11548e5b684fa751889f105e0e4f8fe5"
    },
    "@std/assert@1.0.19": {
      "integrity": "eaada96ee120cb980bc47e040f82814d786fe8162ecc53c91d8df60b8755991e",
      "dependencies": [
        "jsr:@std/internal@^1.0.12"
      ]
    },
    "@std/bytes@1.0.6": {
      "integrity": "f6ac6adbd8ccd99314045f5703e23af0a68d7f7e58364b47d2c7f408aeb5820a"
    },
    "@std/fmt@1.0.10": {
      "integrity": "90dfba288802ac6de82fb31d0917eb9e4450b9925b954d5e51fc29ac07419db5"
    },
    "@std/internal@1.0.14": {
      "integrity": "291516b3d4c35024d6ffbc0a9df5bf4c64116e05b50012cf846710152d2ffdf7"
    },
    "@std/io@0.225.3": {
      "integrity": "27b07b591384d12d7b568f39e61dff966b8230559122df1e9fd11cc068f7ddd1",
      "dependencies": [
        "jsr:@std/bytes"
      ]
    },
    "@std/path@1.1.5": {
      "integrity": "ccea00982ea28c36becaf6e62f855406c76a8c32d462f66f415bbb7d83a271bc",
      "dependencies": [
        "jsr:@std/internal@^1.0.14"
      ]
    }
  },
  "workspace": {
    "dependencies": [
      "jsr:@david/dax@~0.48.3",
      "jsr:@std/assert@^1.0.19"
    ]
  }
}
